
Microsoft Visual Studio Solution File, Format Version 12.00
# Visual Studio 15
VisualStudioVersion = 15.0.26124.0
MinimumVisualStudioVersion = 15.0.26124.0
Project("{9A19103F-16F7-4668-BE54-9A1E7A4F7556}") = "R5T.Antium.Default.Construction", "R5T.Antium.Default.Construction\R5T.Antium.Default.Construction.csproj", "{2CC1E357-7AB9-4DB1-A49F-8BAABEC1E2B9}"
EndProject
Project("{9A19103F-16F7-4668-BE54-9A1E7A4F7556}") = "R5T.Antium.Default", "R5T.Antium.Default\R5T.Antium.Default.csproj", "{3946FF46-DCA6-402B-8C7A-21FCAF65DF1C}"
EndProject
Project("{9A19103F-16F7-4668-BE54-9A1E7A4F7556}") = "R5T.Antium.Default.Testing", "R5T.Antium.Default.Testing\R5T.Antium.Default.Testing.csproj", "{53EBD1DD-B921-46BC-9832-CA525893A03E}"
EndProject
Project("{9A19103F-16F7-4668-BE54-9A1E7A4F7556}") = "R5T.Antium.Base", "..\..\R5T.Antium.Base\source\R5T.Antium.Base\R5T.Antium.Base.csproj", "{697C2832-E3A8-4F4D-9BAC-12EC091FA5F9}"
EndProject
Project("{2150E333-8FDC-42A3-9474-1A3956D46DE8}") = "_Dependencies", "_Dependencies", "{278B7492-EF7C-4FA2-9C28-180FAD8F8F66}"
EndProject
Project("{9A19103F-16F7-4668-BE54-9A1E7A4F7556}") = "R5T.Gepidia.Base", "..\..\R5T.Gepidia.Base\source\R5T.Gepidia.Base\R5T.Gepidia.Base.csproj", "{0A88FFC9-2915-4381-A979-4D52A83BE6FD}"
EndProject
Project("{9A19103F-16F7-4668-BE54-9A1E7A4F7556}") = "R5T.Gepidia.Types", "..\..\R5T.Gepidia.Types\source\R5T.Gepidia.Types\R5T.Gepidia.Types.csproj", "{E0F415E1-430B-41E2-88A8-5E338146C022}"
EndProject
Project("{9A19103F-16F7-4668-BE54-9A1E7A4F7556}") = "R5T.Magyar", "..\..\R5T.Magyar\source\R5T.Magyar\R5T.Magyar.csproj", "{F5150D35-148B-4707-9995-6A6D4449F256}"
EndProject
Project("{9A19103F-16F7-4668-BE54-9A1E7A4F7556}") = "R5T.T0064", "..\..\R5T.T0064\source\R5T.T0064\R5T.T0064.csproj", "{61DB72C7-EB36-4EEA-895D-F4476BD94AF7}"
EndProject
Project("{9A19103F-16F7-4668-BE54-9A1E7A4F7556}") = "R5T.Dacia.Extensions", "..\..\R5T.Dacia.Extensions\source\R5T.Dacia.Extensions\R5T.Dacia.Extensions.csproj", "{31D26825-2FFA-4E4D-BA46-82D38FE54251}"
EndProject
Project("{9A19103F-16F7-4668-BE54-9A1E7A4F7556}") = "R5T.Dacia", "..\..\R5T.Dacia\source\R5T.Dacia\R5T.Dacia.csproj", "{2ED2A1CC-C0A8-466E-966C-74008FF142BC}"
EndProject
Project("{9A19103F-16F7-4668-BE54-9A1E7A4F7556}") = "R5T.Frisia.Suebia", "..\..\R5T.Frisia.Suebia\source\R5T.Frisia.Suebia\R5T.Frisia.Suebia.csproj", "{9A8F6D80-FA25-4D0E-9B48-1785CFBEB641}"
EndProject
Project("{9A19103F-16F7-4668-BE54-9A1E7A4F7556}") = "R5T.Frisia.Base", "..\..\R5T.Frisia.Base\source\R5T.Frisia.Base\R5T.Frisia.Base.csproj", "{5153B40A-2A6B-400D-9C20-6D9D26181434}"
EndProject
Project("{9A19103F-16F7-4668-BE54-9A1E7A4F7556}") = "R5T.Jutland.Base", "..\..\R5T.Jutland.Base\source\R5T.Jutland.Base\R5T.Jutland.Base.csproj", "{DECD774D-B0B6-4DB9-957E-96973B348479}"
EndProject
Project("{9A19103F-16F7-4668-BE54-9A1E7A4F7556}") = "R5T.Suebia.Base", "..\..\R5T.Suebia.Base\source\R5T.Suebia.Base\R5T.Suebia.Base.csproj", "{0DF56220-0503-495F-A207-34FBEDBC8D90}"
EndProject
Project("{9A19103F-16F7-4668-BE54-9A1E7A4F7556}") = "R5T.Gepidia.Local", "..\..\R5T.Gepidia.Local\source\R5T.Gepidia.Local\R5T.Gepidia.Local.csproj", "{36F2F394-96C1-4439-BFF1-35D4CB8645FB}"
EndProject
Project("{9A19103F-16F7-4668-BE54-9A1E7A4F7556}") = "R5T.Lombardy.Base", "..\..\R5T.Lombardy.Base\source\R5T.Lombardy.Base\R5T.Lombardy.Base.csproj", "{66C426C2-5F1F-4972-B439-844405EA8F3F}"
EndProject
Project("{9A19103F-16F7-4668-BE54-9A1E7A4F7556}") = "R5T.Lombardy.Gepidia", "..\..\R5T.Lombardy.Gepidia\source\R5T.Lombardy.Gepidia\R5T.Lombardy.Gepidia.csproj", "{3A80A8C6-E7D2-4E0F-888B-1CD3BBCB9A77}"
EndProject
Project("{9A19103F-16F7-4668-BE54-9A1E7A4F7556}") = "R5T.Gepidia.Remote", "..\..\R5T.Gepidia.Remote\source\R5T.Gepidia.Remote\R5T.Gepidia.Remote.csproj", "{8E3FD8D5-A93F-4AC2-B724-FB5E30428188}"
EndProject
Project("{9A19103F-16F7-4668-BE54-9A1E7A4F7556}") = "R5T.Pictia.Base", "..\..\R5T.Pictia.Base\source\R5T.Pictia.Base\R5T.Pictia.Base.csproj", "{84127E4D-CD4E-4E60-AF68-5F8A53B075BD}"
EndProject
Project("{9A19103F-16F7-4668-BE54-9A1E7A4F7556}") = "R5T.Pictia", "..\..\R5T.Pictia\source\R5T.Pictia\R5T.Pictia.csproj", "{74971E43-C7CE-47DC-9CF7-04CE3E1AE656}"
EndProject
Project("{9A19103F-16F7-4668-BE54-9A1E7A4F7556}") = "R5T.Norsica.Base", "..\..\R5T.Norsica.Base\source\R5T.Norsica.Base\R5T.Norsica.Base.csproj", "{5CECA99C-BA9F-4008-9E53-12673961A566}"
EndProject
Project("{9A19103F-16F7-4668-BE54-9A1E7A4F7556}") = "R5T.Angleterria", "..\..\R5T.Angleterria\source\R5T.Angleterria\R5T.Angleterria.csproj", "{8DE6833B-378B-4443-A6C1-0CE0E24BD46D}"
EndProject
Project("{9A19103F-16F7-4668-BE54-9A1E7A4F7556}") = "R5T.Pompeii.Base", "..\..\R5T.Pompeii.Base\source\R5T.Pompeii.Base\R5T.Pompeii.Base.csproj", "{EBC5F71A-2427-4699-80FB-1B383810BF57}"
EndProject
Project("{9A19103F-16F7-4668-BE54-9A1E7A4F7556}") = "R5T.T0062.X001", "..\..\R5T.T0062\source\R5T.T0062.X001\R5T.T0062.X001.csproj", "{D31E7A93-8CD1-49C1-81FE-A9423FDA3F80}"
EndProject
Project("{9A19103F-16F7-4668-BE54-9A1E7A4F7556}") = "R5T.T0062", "..\..\R5T.T0062\source\R5T.T0062\R5T.T0062.csproj", "{8B7FA219-C85B-4DBB-A1C5-32C1B907B2D7}"
EndProject
Project("{9A19103F-16F7-4668-BE54-9A1E7A4F7556}") = "R5T.T0063", "..\..\R5T.T0063\source\R5T.T0063\R5T.T0063.csproj", "{E8DBE1F4-3C6D-4FFE-9398-3DCB46B621DC}"
EndProject
Project("{9A19103F-16F7-4668-BE54-9A1E7A4F7556}") = "R5T.T0039.T002", "..\..\R5T.T0039\source\R5T.T0039.T002\R5T.T0039.T002.csproj", "{5AA087E9-2FA0-4765-A6FE-D8789630BFCE}"
EndProject
Project("{9A19103F-16F7-4668-BE54-9A1E7A4F7556}") = "R5T.L0013", "..\..\R5T.L0013\source\R5T.L0013\R5T.L0013.csproj", "{EE8485A0-49A5-4118-AFFE-5D91824ED4C4}"
EndProject
Global
	GlobalSection(SolutionConfigurationPlatforms) = preSolution
		Debug|Any CPU = Debug|Any CPU
		Debug|x64 = Debug|x64
		Debug|x86 = Debug|x86
		Release|Any CPU = Release|Any CPU
		Release|x64 = Release|x64
		Release|x86 = Release|x86
	EndGlobalSection
	GlobalSection(ProjectConfigurationPlatforms) = postSolution
		{2CC1E357-7AB9-4DB1-A49F-8BAABEC1E2B9}.Debug|Any CPU.ActiveCfg = Debug|Any CPU
		{2CC1E357-7AB9-4DB1-A49F-8BAABEC1E2B9}.Debug|Any CPU.Build.0 = Debug|Any CPU
		{2CC1E357-7AB9-4DB1-A49F-8BAABEC1E2B9}.Debug|x64.ActiveCfg = Debug|Any CPU
		{2CC1E357-7AB9-4DB1-A49F-8BAABEC1E2B9}.Debug|x64.Build.0 = Debug|Any CPU
		{2CC1E357-7AB9-4DB1-A49F-8BAABEC1E2B9}.Debug|x86.ActiveCfg = Debug|Any CPU
		{2CC1E357-7AB9-4DB1-A49F-8BAABEC1E2B9}.Debug|x86.Build.0 = Debug|Any CPU
		{2CC1E357-7AB9-4DB1-A49F-8BAABEC1E2B9}.Release|Any CPU.ActiveCfg = Release|Any CPU
		{2CC1E357-7AB9-4DB1-A49F-8BAABEC1E2B9}.Release|Any CPU.Build.0 = Release|Any CPU
		{2CC1E357-7AB9-4DB1-A49F-8BAABEC1E2B9}.Release|x64.ActiveCfg = Release|Any CPU
		{2CC1E357-7AB9-4DB1-A49F-8BAABEC1E2B9}.Release|x64.Build.0 = Release|Any CPU
		{2CC1E357-7AB9-4DB1-A49F-8BAABEC1E2B9}.Release|x86.ActiveCfg = Release|Any CPU
		{2CC1E357-7AB9-4DB1-A49F-8BAABEC1E2B9}.Release|x86.Build.0 = Release|Any CPU
		{3946FF46-DCA6-402B-8C7A-21FCAF65DF1C}.Debug|Any CPU.ActiveCfg = Debug|Any CPU
		{3946FF46-DCA6-402B-8C7A-21FCAF65DF1C}.Debug|Any CPU.Build.0 = Debug|Any CPU
		{3946FF46-DCA6-402B-8C7A-21FCAF65DF1C}.Debug|x64.ActiveCfg = Debug|Any CPU
		{3946FF46-DCA6-402B-8C7A-21FCAF65DF1C}.Debug|x64.Build.0 = Debug|Any CPU
		{3946FF46-DCA6-402B-8C7A-21FCAF65DF1C}.Debug|x86.ActiveCfg = Debug|Any CPU
		{3946FF46-DCA6-402B-8C7A-21FCAF65DF1C}.Debug|x86.Build.0 = Debug|Any CPU
		{3946FF46-DCA6-402B-8C7A-21FCAF65DF1C}.Release|Any CPU.ActiveCfg = Release|Any CPU
		{3946FF46-DCA6-402B-8C7A-21FCAF65DF1C}.Release|Any CPU.Build.0 = Release|Any CPU
		{3946FF46-DCA6-402B-8C7A-21FCAF65DF1C}.Release|x64.ActiveCfg = Release|Any CPU
		{3946FF46-DCA6-402B-8C7A-21FCAF65DF1C}.Release|x64.Build.0 = Release|Any CPU
		{3946FF46-DCA6-402B-8C7A-21FCAF65DF1C}.Release|x86.ActiveCfg = Release|Any CPU
		{3946FF46-DCA6-402B-8C7A-21FCAF65DF1C}.Release|x86.Build.0 = Release|Any CPU
		{53EBD1DD-B921-46BC-9832-CA525893A03E}.Debug|Any CPU.ActiveCfg = Debug|Any CPU
		{53EBD1DD-B921-46BC-9832-CA525893A03E}.Debug|Any CPU.Build.0 = Debug|Any CPU
		{53EBD1DD-B921-46BC-9832-CA525893A03E}.Debug|x64.ActiveCfg = Debug|Any CPU
		{53EBD1DD-B921-46BC-9832-CA525893A03E}.Debug|x64.Build.0 = Debug|Any CPU
		{53EBD1DD-B921-46BC-9832-CA525893A03E}.Debug|x86.ActiveCfg = Debug|Any CPU
		{53EBD1DD-B921-46BC-9832-CA525893A03E}.Debug|x86.Build.0 = Debug|Any CPU
		{53EBD1DD-B921-46BC-9832-CA525893A03E}.Release|Any CPU.ActiveCfg = Release|Any CPU
		{53EBD1DD-B921-46BC-9832-CA525893A03E}.Release|Any CPU.Build.0 = Release|Any CPU
		{53EBD1DD-B921-46BC-9832-CA525893A03E}.Release|x64.ActiveCfg = Release|Any CPU
		{53EBD1DD-B921-46BC-9832-CA525893A03E}.Release|x64.Build.0 = Release|Any CPU
		{53EBD1DD-B921-46BC-9832-CA525893A03E}.Release|x86.ActiveCfg = Release|Any CPU
		{53EBD1DD-B921-46BC-9832-CA525893A03E}.Release|x86.Build.0 = Release|Any CPU
		{697C2832-E3A8-4F4D-9BAC-12EC091FA5F9}.Debug|Any CPU.ActiveCfg = Debug|Any CPU
		{697C2832-E3A8-4F4D-9BAC-12EC091FA5F9}.Debug|Any CPU.Build.0 = Debug|Any CPU
		{697C2832-E3A8-4F4D-9BAC-12EC091FA5F9}.Debug|x64.ActiveCfg = Debug|Any CPU
		{697C2832-E3A8-4F4D-9BAC-12EC091FA5F9}.Debug|x64.Build.0 = Debug|Any CPU
		{697C2832-E3A8-4F4D-9BAC-12EC091FA5F9}.Debug|x86.ActiveCfg = Debug|Any CPU
		{697C2832-E3A8-4F4D-9BAC-12EC091FA5F9}.Debug|x86.Build.0 = Debug|Any CPU
		{697C2832-E3A8-4F4D-9BAC-12EC091FA5F9}.Release|Any CPU.ActiveCfg = Release|Any CPU
		{697C2832-E3A8-4F4D-9BAC-12EC091FA5F9}.Release|Any CPU.Build.0 = Release|Any CPU
		{697C2832-E3A8-4F4D-9BAC-12EC091FA5F9}.Release|x64.ActiveCfg = Release|Any CPU
		{697C2832-E3A8-4F4D-9BAC-12EC091FA5F9}.Release|x64.Build.0 = Release|Any CPU
		{697C2832-E3A8-4F4D-9BAC-12EC091FA5F9}.Release|x86.ActiveCfg = Release|Any CPU
		{697C2832-E3A8-4F4D-9BAC-12EC091FA5F9}.Release|x86.Build.0 = Release|Any CPU
		{0A88FFC9-2915-4381-A979-4D52A83BE6FD}.Debug|Any CPU.ActiveCfg = Debug|Any CPU
		{0A88FFC9-2915-4381-A979-4D52A83BE6FD}.Debug|Any CPU.Build.0 = Debug|Any CPU
		{0A88FFC9-2915-4381-A979-4D52A83BE6FD}.Debug|x64.ActiveCfg = Debug|Any CPU
		{0A88FFC9-2915-4381-A979-4D52A83BE6FD}.Debug|x64.Build.0 = Debug|Any CPU
		{0A88FFC9-2915-4381-A979-4D52A83BE6FD}.Debug|x86.ActiveCfg = Debug|Any CPU
		{0A88FFC9-2915-4381-A979-4D52A83BE6FD}.Debug|x86.Build.0 = Debug|Any CPU
		{0A88FFC9-2915-4381-A979-4D52A83BE6FD}.Release|Any CPU.ActiveCfg = Release|Any CPU
		{0A88FFC9-2915-4381-A979-4D52A83BE6FD}.Release|Any CPU.Build.0 = Release|Any CPU
		{0A88FFC9-2915-4381-A979-4D52A83BE6FD}.Release|x64.ActiveCfg = Release|Any CPU
		{0A88FFC9-2915-4381-A979-4D52A83BE6FD}.Release|x64.Build.0 = Release|Any CPU
		{0A88FFC9-2915-4381-A979-4D52A83BE6FD}.Release|x86.ActiveCfg = Release|Any CPU
		{0A88FFC9-2915-4381-A979-4D52A83BE6FD}.Release|x86.Build.0 = Release|Any CPU
		{E0F415E1-430B-41E2-88A8-5E338146C022}.Debug|Any CPU.ActiveCfg = Debug|Any CPU
		{E0F415E1-430B-41E2-88A8-5E338146C022}.Debug|Any CPU.Build.0 = Debug|Any CPU
		{E0F415E1-430B-41E2-88A8-5E338146C022}.Debug|x64.ActiveCfg = Debug|Any CPU
		{E0F415E1-430B-41E2-88A8-5E338146C022}.Debug|x64.Build.0 = Debug|Any CPU
		{E0F415E1-430B-41E2-88A8-5E338146C022}.Debug|x86.ActiveCfg = Debug|Any CPU
		{E0F415E1-430B-41E2-88A8-5E338146C022}.Debug|x86.Build.0 = Debug|Any CPU
		{E0F415E1-430B-41E2-88A8-5E338146C022}.Release|Any CPU.ActiveCfg = Release|Any CPU
		{E0F415E1-430B-41E2-88A8-5E338146C022}.Release|Any CPU.Build.0 = Release|Any CPU
		{E0F415E1-430B-41E2-88A8-5E338146C022}.Release|x64.ActiveCfg = Release|Any CPU
		{E0F415E1-430B-41E2-88A8-5E338146C022}.Release|x64.Build.0 = Release|Any CPU
		{E0F415E1-430B-41E2-88A8-5E338146C022}.Release|x86.ActiveCfg = Release|Any CPU
		{E0F415E1-430B-41E2-88A8-5E338146C022}.Release|x86.Build.0 = Release|Any CPU
		{F5150D35-148B-4707-9995-6A6D4449F256}.Debug|Any CPU.ActiveCfg = Debug|Any CPU
		{F5150D35-148B-4707-9995-6A6D4449F256}.Debug|Any CPU.Build.0 = Debug|Any CPU
		{F5150D35-148B-4707-9995-6A6D4449F256}.Debug|x64.ActiveCfg = Debug|Any CPU
		{F5150D35-148B-4707-9995-6A6D4449F256}.Debug|x64.Build.0 = Debug|Any CPU
		{F5150D35-148B-4707-9995-6A6D4449F256}.Debug|x86.ActiveCfg = Debug|Any CPU
		{F5150D35-148B-4707-9995-6A6D4449F256}.Debug|x86.Build.0 = Debug|Any CPU
		{F5150D35-148B-4707-9995-6A6D4449F256}.Release|Any CPU.ActiveCfg = Release|Any CPU
		{F5150D35-148B-4707-9995-6A6D4449F256}.Release|Any CPU.Build.0 = Release|Any CPU
		{F5150D35-148B-4707-9995-6A6D4449F256}.Release|x64.ActiveCfg = Release|Any CPU
		{F5150D35-148B-4707-9995-6A6D4449F256}.Release|x64.Build.0 = Release|Any CPU
		{F5150D35-148B-4707-9995-6A6D4449F256}.Release|x86.ActiveCfg = Release|Any CPU
		{F5150D35-148B-4707-9995-6A6D4449F256}.Release|x86.Build.0 = Release|Any CPU
		{61DB72C7-EB36-4EEA-895D-F4476BD94AF7}.Debug|Any CPU.ActiveCfg = Debug|Any CPU
		{61DB72C7-EB36-4EEA-895D-F4476BD94AF7}.Debug|Any CPU.Build.0 = Debug|Any CPU
		{61DB72C7-EB36-4EEA-895D-F4476BD94AF7}.Debug|x64.ActiveCfg = Debug|Any CPU
		{61DB72C7-EB36-4EEA-895D-F4476BD94AF7}.Debug|x64.Build.0 = Debug|Any CPU
		{61DB72C7-EB36-4EEA-895D-F4476BD94AF7}.Debug|x86.ActiveCfg = Debug|Any CPU
		{61DB72C7-EB36-4EEA-895D-F4476BD94AF7}.Debug|x86.Build.0 = Debug|Any CPU
		{61DB72C7-EB36-4EEA-895D-F4476BD94AF7}.Release|Any CPU.ActiveCfg = Release|Any CPU
		{61DB72C7-EB36-4EEA-895D-F4476BD94AF7}.Release|Any CPU.Build.0 = Release|Any CPU
		{61DB72C7-EB36-4EEA-895D-F4476BD94AF7}.Release|x64.ActiveCfg = Release|Any CPU
		{61DB72C7-EB36-4EEA-895D-F4476BD94AF7}.Release|x64.Build.0 = Release|Any CPU
		{61DB72C7-EB36-4EEA-895D-F4476BD94AF7}.Release|x86.ActiveCfg = Release|Any CPU
		{61DB72C7-EB36-4EEA-895D-F4476BD94AF7}.Release|x86.Build.0 = Release|Any CPU
		{31D26825-2FFA-4E4D-BA46-82D38FE54251}.Debug|Any CPU.ActiveCfg = Debug|Any CPU
		{31D26825-2FFA-4E4D-BA46-82D38FE54251}.Debug|Any CPU.Build.0 = Debug|Any CPU
		{31D26825-2FFA-4E4D-BA46-82D38FE54251}.Debug|x64.ActiveCfg = Debug|Any CPU
		{31D26825-2FFA-4E4D-BA46-82D38FE54251}.Debug|x64.Build.0 = Debug|Any CPU
		{31D26825-2FFA-4E4D-BA46-82D38FE54251}.Debug|x86.ActiveCfg = Debug|Any CPU
		{31D26825-2FFA-4E4D-BA46-82D38FE54251}.Debug|x86.Build.0 = Debug|Any CPU
		{31D26825-2FFA-4E4D-BA46-82D38FE54251}.Release|Any CPU.ActiveCfg = Release|Any CPU
		{31D26825-2FFA-4E4D-BA46-82D38FE54251}.Release|Any CPU.Build.0 = Release|Any CPU
		{31D26825-2FFA-4E4D-BA46-82D38FE54251}.Release|x64.ActiveCfg = Release|Any CPU
		{31D26825-2FFA-4E4D-BA46-82D38FE54251}.Release|x64.Build.0 = Release|Any CPU
		{31D26825-2FFA-4E4D-BA46-82D38FE54251}.Release|x86.ActiveCfg = Release|Any CPU
		{31D26825-2FFA-4E4D-BA46-82D38FE54251}.Release|x86.Build.0 = Release|Any CPU
		{2ED2A1CC-C0A8-466E-966C-74008FF142BC}.Debug|Any CPU.ActiveCfg = Debug|Any CPU
		{2ED2A1CC-C0A8-466E-966C-74008FF142BC}.Debug|Any CPU.Build.0 = Debug|Any CPU
		{2ED2A1CC-C0A8-466E-966C-74008FF142BC}.Debug|x64.ActiveCfg = Debug|Any CPU
		{2ED2A1CC-C0A8-466E-966C-74008FF142BC}.Debug|x64.Build.0 = Debug|Any CPU
		{2ED2A1CC-C0A8-466E-966C-74008FF142BC}.Debug|x86.ActiveCfg = Debug|Any CPU
		{2ED2A1CC-C0A8-466E-966C-74008FF142BC}.Debug|x86.Build.0 = Debug|Any CPU
		{2ED2A1CC-C0A8-466E-966C-74008FF142BC}.Release|Any CPU.ActiveCfg = Release|Any CPU
		{2ED2A1CC-C0A8-466E-966C-74008FF142BC}.Release|Any CPU.Build.0 = Release|Any CPU
		{2ED2A1CC-C0A8-466E-966C-74008FF142BC}.Release|x64.ActiveCfg = Release|Any CPU
		{2ED2A1CC-C0A8-466E-966C-74008FF142BC}.Release|x64.Build.0 = Release|Any CPU
		{2ED2A1CC-C0A8-466E-966C-74008FF142BC}.Release|x86.ActiveCfg = Release|Any CPU
		{2ED2A1CC-C0A8-466E-966C-74008FF142BC}.Release|x86.Build.0 = Release|Any CPU
		{9A8F6D80-FA25-4D0E-9B48-1785CFBEB641}.Debug|Any CPU.ActiveCfg = Debug|Any CPU
		{9A8F6D80-FA25-4D0E-9B48-1785CFBEB641}.Debug|Any CPU.Build.0 = Debug|Any CPU
		{9A8F6D80-FA25-4D0E-9B48-1785CFBEB641}.Debug|x64.ActiveCfg = Debug|Any CPU
		{9A8F6D80-FA25-4D0E-9B48-1785CFBEB641}.Debug|x64.Build.0 = Debug|Any CPU
		{9A8F6D80-FA25-4D0E-9B48-1785CFBEB641}.Debug|x86.ActiveCfg = Debug|Any CPU
		{9A8F6D80-FA25-4D0E-9B48-1785CFBEB641}.Debug|x86.Build.0 = Debug|Any CPU
		{9A8F6D80-FA25-4D0E-9B48-1785CFBEB641}.Release|Any CPU.ActiveCfg = Release|Any CPU
		{9A8F6D80-FA25-4D0E-9B48-1785CFBEB641}.Release|Any CPU.Build.0 = Release|Any CPU
		{9A8F6D80-FA25-4D0E-9B48-1785CFBEB641}.Release|x64.ActiveCfg = Release|Any CPU
		{9A8F6D80-FA25-4D0E-9B48-1785CFBEB641}.Release|x64.Build.0 = Release|Any CPU
		{9A8F6D80-FA25-4D0E-9B48-1785CFBEB641}.Release|x86.ActiveCfg = Release|Any CPU
		{9A8F6D80-FA25-4D0E-9B48-1785CFBEB641}.Release|x86.Build.0 = Release|Any CPU
		{5153B40A-2A6B-400D-9C20-6D9D26181434}.Debug|Any CPU.ActiveCfg = Debug|Any CPU
		{5153B40A-2A6B-400D-9C20-6D9D26181434}.Debug|Any CPU.Build.0 = Debug|Any CPU
		{5153B40A-2A6B-400D-9C20-6D9D26181434}.Debug|x64.ActiveCfg = Debug|Any CPU
		{5153B40A-2A6B-400D-9C20-6D9D26181434}.Debug|x64.Build.0 = Debug|Any CPU
		{5153B40A-2A6B-400D-9C20-6D9D26181434}.Debug|x86.ActiveCfg = Debug|Any CPU
		{5153B40A-2A6B-400D-9C20-6D9D26181434}.Debug|x86.Build.0 = Debug|Any CPU
		{5153B40A-2A6B-400D-9C20-6D9D26181434}.Release|Any CPU.ActiveCfg = Release|Any CPU
		{5153B40A-2A6B-400D-9C20-6D9D26181434}.Release|Any CPU.Build.0 = Release|Any CPU
		{5153B40A-2A6B-400D-9C20-6D9D26181434}.Release|x64.ActiveCfg = Release|Any CPU
		{5153B40A-2A6B-400D-9C20-6D9D26181434}.Release|x64.Build.0 = Release|Any CPU
		{5153B40A-2A6B-400D-9C20-6D9D26181434}.Release|x86.ActiveCfg = Release|Any CPU
		{5153B40A-2A6B-400D-9C20-6D9D26181434}.Release|x86.Build.0 = Release|Any CPU
		{DECD774D-B0B6-4DB9-957E-96973B348479}.Debug|Any CPU.ActiveCfg = Debug|Any CPU
		{DECD774D-B0B6-4DB9-957E-96973B348479}.Debug|Any CPU.Build.0 = Debug|Any CPU
		{DECD774D-B0B6-4DB9-957E-96973B348479}.Debug|x64.ActiveCfg = Debug|Any CPU
		{DECD774D-B0B6-4DB9-957E-96973B348479}.Debug|x64.Build.0 = Debug|Any CPU
		{DECD774D-B0B6-4DB9-957E-96973B348479}.Debug|x86.ActiveCfg = Debug|Any CPU
		{DECD774D-B0B6-4DB9-957E-96973B348479}.Debug|x86.Build.0 = Debug|Any CPU
		{DECD774D-B0B6-4DB9-957E-96973B348479}.Release|Any CPU.ActiveCfg = Release|Any CPU
		{DECD774D-B0B6-4DB9-957E-96973B348479}.Release|Any CPU.Build.0 = Release|Any CPU
		{DECD774D-B0B6-4DB9-957E-96973B348479}.Release|x64.ActiveCfg = Release|Any CPU
		{DECD774D-B0B6-4DB9-957E-96973B348479}.Release|x64.Build.0 = Release|Any CPU
		{DECD774D-B0B6-4DB9-957E-96973B348479}.Release|x86.ActiveCfg = Release|Any CPU
		{DECD774D-B0B6-4DB9-957E-96973B348479}.Release|x86.Build.0 = Release|Any CPU
		{0DF56220-0503-495F-A207-34FBEDBC8D90}.Debug|Any CPU.ActiveCfg = Debug|Any CPU
		{0DF56220-0503-495F-A207-34FBEDBC8D90}.Debug|Any CPU.Build.0 = Debug|Any CPU
		{0DF56220-0503-495F-A207-34FBEDBC8D90}.Debug|x64.ActiveCfg = Debug|Any CPU
		{0DF56220-0503-495F-A207-34FBEDBC8D90}.Debug|x64.Build.0 = Debug|Any CPU
		{0DF56220-0503-495F-A207-34FBEDBC8D90}.Debug|x86.ActiveCfg = Debug|Any CPU
		{0DF56220-0503-495F-A207-34FBEDBC8D90}.Debug|x86.Build.0 = Debug|Any CPU
		{0DF56220-0503-495F-A207-34FBEDBC8D90}.Release|Any CPU.ActiveCfg = Release|Any CPU
		{0DF56220-0503-495F-A207-34FBEDBC8D90}.Release|Any CPU.Build.0 = Release|Any CPU
		{0DF56220-0503-495F-A207-34FBEDBC8D90}.Release|x64.ActiveCfg = Release|Any CPU
		{0DF56220-0503-495F-A207-34FBEDBC8D90}.Release|x64.Build.0 = Release|Any CPU
		{0DF56220-0503-495F-A207-34FBEDBC8D90}.Release|x86.ActiveCfg = Release|Any CPU
		{0DF56220-0503-495F-A207-34FBEDBC8D90}.Release|x86.Build.0 = Release|Any CPU
		{36F2F394-96C1-4439-BFF1-35D4CB8645FB}.Debug|Any CPU.ActiveCfg = Debug|Any CPU
		{36F2F394-96C1-4439-BFF1-35D4CB8645FB}.Debug|Any CPU.Build.0 = Debug|Any CPU
		{36F2F394-96C1-4439-BFF1-35D4CB8645FB}.Debug|x64.ActiveCfg = Debug|Any CPU
		{36F2F394-96C1-4439-BFF1-35D4CB8645FB}.Debug|x64.Build.0 = Debug|Any CPU
		{36F2F394-96C1-4439-BFF1-35D4CB8645FB}.Debug|x86.ActiveCfg = Debug|Any CPU
		{36F2F394-96C1-4439-BFF1-35D4CB8645FB}.Debug|x86.Build.0 = Debug|Any CPU
		{36F2F394-96C1-4439-BFF1-35D4CB8645FB}.Release|Any CPU.ActiveCfg = Release|Any CPU
		{36F2F394-96C1-4439-BFF1-35D4CB8645FB}.Release|Any CPU.Build.0 = Release|Any CPU
		{36F2F394-96C1-4439-BFF1-35D4CB8645FB}.Release|x64.ActiveCfg = Release|Any CPU
		{36F2F394-96C1-4439-BFF1-35D4CB8645FB}.Release|x64.Build.0 = Release|Any CPU
		{36F2F394-96C1-4439-BFF1-35D4CB8645FB}.Release|x86.ActiveCfg = Release|Any CPU
		{36F2F394-96C1-4439-BFF1-35D4CB8645FB}.Release|x86.Build.0 = Release|Any CPU
		{66C426C2-5F1F-4972-B439-844405EA8F3F}.Debug|Any CPU.ActiveCfg = Debug|Any CPU
		{66C426C2-5F1F-4972-B439-844405EA8F3F}.Debug|Any CPU.Build.0 = Debug|Any CPU
		{66C426C2-5F1F-4972-B439-844405EA8F3F}.Debug|x64.ActiveCfg = Debug|Any CPU
		{66C426C2-5F1F-4972-B439-844405EA8F3F}.Debug|x64.Build.0 = Debug|Any CPU
		{66C426C2-5F1F-4972-B439-844405EA8F3F}.Debug|x86.ActiveCfg = Debug|Any CPU
		{66C426C2-5F1F-4972-B439-844405EA8F3F}.Debug|x86.Build.0 = Debug|Any CPU
		{66C426C2-5F1F-4972-B439-844405EA8F3F}.Release|Any CPU.ActiveCfg = Release|Any CPU
		{66C426C2-5F1F-4972-B439-844405EA8F3F}.Release|Any CPU.Build.0 = Release|Any CPU
		{66C426C2-5F1F-4972-B439-844405EA8F3F}.Release|x64.ActiveCfg = Release|Any CPU
		{66C426C2-5F1F-4972-B439-844405EA8F3F}.Release|x64.Build.0 = Release|Any CPU
		{66C426C2-5F1F-4972-B439-844405EA8F3F}.Release|x86.ActiveCfg = Release|Any CPU
		{66C426C2-5F1F-4972-B439-844405EA8F3F}.Release|x86.Build.0 = Release|Any CPU
		{3A80A8C6-E7D2-4E0F-888B-1CD3BBCB9A77}.Debug|Any CPU.ActiveCfg = Debug|Any CPU
		{3A80A8C6-E7D2-4E0F-888B-1CD3BBCB9A77}.Debug|Any CPU.Build.0 = Debug|Any CPU
		{3A80A8C6-E7D2-4E0F-888B-1CD3BBCB9A77}.Debug|x64.ActiveCfg = Debug|Any CPU
		{3A80A8C6-E7D2-4E0F-888B-1CD3BBCB9A77}.Debug|x64.Build.0 = Debug|Any CPU
		{3A80A8C6-E7D2-4E0F-888B-1CD3BBCB9A77}.Debug|x86.ActiveCfg = Debug|Any CPU
		{3A80A8C6-E7D2-4E0F-888B-1CD3BBCB9A77}.Debug|x86.Build.0 = Debug|Any CPU
		{3A80A8C6-E7D2-4E0F-888B-1CD3BBCB9A77}.Release|Any CPU.ActiveCfg = Release|Any CPU
		{3A80A8C6-E7D2-4E0F-888B-1CD3BBCB9A77}.Release|Any CPU.Build.0 = Release|Any CPU
		{3A80A8C6-E7D2-4E0F-888B-1CD3BBCB9A77}.Release|x64.ActiveCfg = Release|Any CPU
		{3A80A8C6-E7D2-4E0F-888B-1CD3BBCB9A77}.Release|x64.Build.0 = Release|Any CPU
		{3A80A8C6-E7D2-4E0F-888B-1CD3BBCB9A77}.Release|x86.ActiveCfg = Release|Any CPU
		{3A80A8C6-E7D2-4E0F-888B-1CD3BBCB9A77}.Release|x86.Build.0 = Release|Any CPU
		{8E3FD8D5-A93F-4AC2-B724-FB5E30428188}.Debug|Any CPU.ActiveCfg = Debug|Any CPU
		{8E3FD8D5-A93F-4AC2-B724-FB5E30428188}.Debug|Any CPU.Build.0 = Debug|Any CPU
		{8E3FD8D5-A93F-4AC2-B724-FB5E30428188}.Debug|x64.ActiveCfg = Debug|Any CPU
		{8E3FD8D5-A93F-4AC2-B724-FB5E30428188}.Debug|x64.Build.0 = Debug|Any CPU
		{8E3FD8D5-A93F-4AC2-B724-FB5E30428188}.Debug|x86.ActiveCfg = Debug|Any CPU
		{8E3FD8D5-A93F-4AC2-B724-FB5E30428188}.Debug|x86.Build.0 = Debug|Any CPU
		{8E3FD8D5-A93F-4AC2-B724-FB5E30428188}.Release|Any CPU.ActiveCfg = Release|Any CPU
		{8E3FD8D5-A93F-4AC2-B724-FB5E30428188}.Release|Any CPU.Build.0 = Release|Any CPU
		{8E3FD8D5-A93F-4AC2-B724-FB5E30428188}.Release|x64.ActiveCfg = Release|Any CPU
		{8E3FD8D5-A93F-4AC2-B724-FB5E30428188}.Release|x64.Build.0 = Release|Any CPU
		{8E3FD8D5-A93F-4AC2-B724-FB5E30428188}.Release|x86.ActiveCfg = Release|Any CPU
		{8E3FD8D5-A93F-4AC2-B724-FB5E30428188}.Release|x86.Build.0 = Release|Any CPU
		{84127E4D-CD4E-4E60-AF68-5F8A53B075BD}.Debug|Any CPU.ActiveCfg = Debug|Any CPU
		{84127E4D-CD4E-4E60-AF68-5F8A53B075BD}.Debug|Any CPU.Build.0 = Debug|Any CPU
		{84127E4D-CD4E-4E60-AF68-5F8A53B075BD}.Debug|x64.ActiveCfg = Debug|Any CPU
		{84127E4D-CD4E-4E60-AF68-5F8A53B075BD}.Debug|x64.Build.0 = Debug|Any CPU
		{84127E4D-CD4E-4E60-AF68-5F8A53B075BD}.Debug|x86.ActiveCfg = Debug|Any CPU
		{84127E4D-CD4E-4E60-AF68-5F8A53B075BD}.Debug|x86.Build.0 = Debug|Any CPU
		{84127E4D-CD4E-4E60-AF68-5F8A53B075BD}.Release|Any CPU.ActiveCfg = Release|Any CPU
		{84127E4D-CD4E-4E60-AF68-5F8A53B075BD}.Release|Any CPU.Build.0 = Release|Any CPU
		{84127E4D-CD4E-4E60-AF68-5F8A53B075BD}.Release|x64.ActiveCfg = Release|Any CPU
		{84127E4D-CD4E-4E60-AF68-5F8A53B075BD}.Release|x64.Build.0 = Release|Any CPU
		{84127E4D-CD4E-4E60-AF68-5F8A53B075BD}.Release|x86.ActiveCfg = Release|Any CPU
		{84127E4D-CD4E-4E60-AF68-5F8A53B075BD}.Release|x86.Build.0 = Release|Any CPU
		{74971E43-C7CE-47DC-9CF7-04CE3E1AE656}.Debug|Any CPU.ActiveCfg = Debug|Any CPU
		{74971E43-C7CE-47DC-9CF7-04CE3E1AE656}.Debug|Any CPU.Build.0 = Debug|Any CPU
		{74971E43-C7CE-47DC-9CF7-04CE3E1AE656}.Debug|x64.ActiveCfg = Debug|Any CPU
		{74971E43-C7CE-47DC-9CF7-04CE3E1AE656}.Debug|x64.Build.0 = Debug|Any CPU
		{74971E43-C7CE-47DC-9CF7-04CE3E1AE656}.Debug|x86.ActiveCfg = Debug|Any CPU
		{74971E43-C7CE-47DC-9CF7-04CE3E1AE656}.Debug|x86.Build.0 = Debug|Any CPU
		{74971E43-C7CE-47DC-9CF7-04CE3E1AE656}.Release|Any CPU.ActiveCfg = Release|Any CPU
		{74971E43-C7CE-47DC-9CF7-04CE3E1AE656}.Release|Any CPU.Build.0 = Release|Any CPU
		{74971E43-C7CE-47DC-9CF7-04CE3E1AE656}.Release|x64.ActiveCfg = Release|Any CPU
		{74971E43-C7CE-47DC-9CF7-04CE3E1AE656}.Release|x64.Build.0 = Release|Any CPU
		{74971E43-C7CE-47DC-9CF7-04CE3E1AE656}.Release|x86.ActiveCfg = Release|Any CPU
		{74971E43-C7CE-47DC-9CF7-04CE3E1AE656}.Release|x86.Build.0 = Release|Any CPU
		{5CECA99C-BA9F-4008-9E53-12673961A566}.Debug|Any CPU.ActiveCfg = Debug|Any CPU
		{5CECA99C-BA9F-4008-9E53-12673961A566}.Debug|Any CPU.Build.0 = Debug|Any CPU
		{5CECA99C-BA9F-4008-9E53-12673961A566}.Debug|x64.ActiveCfg = Debug|Any CPU
		{5CECA99C-BA9F-4008-9E53-12673961A566}.Debug|x64.Build.0 = Debug|Any CPU
		{5CECA99C-BA9F-4008-9E53-12673961A566}.Debug|x86.ActiveCfg = Debug|Any CPU
		{5CECA99C-BA9F-4008-9E53-12673961A566}.Debug|x86.Build.0 = Debug|Any CPU
		{5CECA99C-BA9F-4008-9E53-12673961A566}.Release|Any CPU.ActiveCfg = Release|Any CPU
		{5CECA99C-BA9F-4008-9E53-12673961A566}.Release|Any CPU.Build.0 = Release|Any CPU
		{5CECA99C-BA9F-4008-9E53-12673961A566}.Release|x64.ActiveCfg = Release|Any CPU
		{5CECA99C-BA9F-4008-9E53-12673961A566}.Release|x64.Build.0 = Release|Any CPU
		{5CECA99C-BA9F-4008-9E53-12673961A566}.Release|x86.ActiveCfg = Release|Any CPU
		{5CECA99C-BA9F-4008-9E53-12673961A566}.Release|x86.Build.0 = Release|Any CPU
		{8DE6833B-378B-4443-A6C1-0CE0E24BD46D}.Debug|Any CPU.ActiveCfg = Debug|Any CPU
		{8DE6833B-378B-4443-A6C1-0CE0E24BD46D}.Debug|Any CPU.Build.0 = Debug|Any CPU
		{8DE6833B-378B-4443-A6C1-0CE0E24BD46D}.Debug|x64.ActiveCfg = Debug|Any CPU
		{8DE6833B-378B-4443-A6C1-0CE0E24BD46D}.Debug|x64.Build.0 = Debug|Any CPU
		{8DE6833B-378B-4443-A6C1-0CE0E24BD46D}.Debug|x86.ActiveCfg = Debug|Any CPU
		{8DE6833B-378B-4443-A6C1-0CE0E24BD46D}.Debug|x86.Build.0 = Debug|Any CPU
		{8DE6833B-378B-4443-A6C1-0CE0E24BD46D}.Release|Any CPU.ActiveCfg = Release|Any CPU
		{8DE6833B-378B-4443-A6C1-0CE0E24BD46D}.Release|Any CPU.Build.0 = Release|Any CPU
		{8DE6833B-378B-4443-A6C1-0CE0E24BD46D}.Release|x64.ActiveCfg = Release|Any CPU
		{8DE6833B-378B-4443-A6C1-0CE0E24BD46D}.Release|x64.Build.0 = Release|Any CPU
		{8DE6833B-378B-4443-A6C1-0CE0E24BD46D}.Release|x86.ActiveCfg = Release|Any CPU
		{8DE6833B-378B-4443-A6C1-0CE0E24BD46D}.Release|x86.Build.0 = Release|Any CPU
		{EBC5F71A-2427-4699-80FB-1B383810BF57}.Debug|Any CPU.ActiveCfg = Debug|Any CPU
		{EBC5F71A-2427-4699-80FB-1B383810BF57}.Debug|Any CPU.Build.0 = Debug|Any CPU
		{EBC5F71A-2427-4699-80FB-1B383810BF57}.Debug|x64.ActiveCfg = Debug|Any CPU
		{EBC5F71A-2427-4699-80FB-1B383810BF57}.Debug|x64.Build.0 = Debug|Any CPU
		{EBC5F71A-2427-4699-80FB-1B383810BF57}.Debug|x86.ActiveCfg = Debug|Any CPU
		{EBC5F71A-2427-4699-80FB-1B383810BF57}.Debug|x86.Build.0 = Debug|Any CPU
		{EBC5F71A-2427-4699-80FB-1B383810BF57}.Release|Any CPU.ActiveCfg = Release|Any CPU
		{EBC5F71A-2427-4699-80FB-1B383810BF57}.Release|Any CPU.Build.0 = Release|Any CPU
		{EBC5F71A-2427-4699-80FB-1B383810BF57}.Release|x64.ActiveCfg = Release|Any CPU
		{EBC5F71A-2427-4699-80FB-1B383810BF57}.Release|x64.Build.0 = Release|Any CPU
		{EBC5F71A-2427-4699-80FB-1B383810BF57}.Release|x86.ActiveCfg = Release|Any CPU
		{EBC5F71A-2427-4699-80FB-1B383810BF57}.Release|x86.Build.0 = Release|Any CPU
		{D31E7A93-8CD1-49C1-81FE-A9423FDA3F80}.Debug|Any CPU.ActiveCfg = Debug|Any CPU
		{D31E7A93-8CD1-49C1-81FE-A9423FDA3F80}.Debug|Any CPU.Build.0 = Debug|Any CPU
		{D31E7A93-8CD1-49C1-81FE-A9423FDA3F80}.Debug|x64.ActiveCfg = Debug|Any CPU
		{D31E7A93-8CD1-49C1-81FE-A9423FDA3F80}.Debug|x64.Build.0 = Debug|Any CPU
		{D31E7A93-8CD1-49C1-81FE-A9423FDA3F80}.Debug|x86.ActiveCfg = Debug|Any CPU
		{D31E7A93-8CD1-49C1-81FE-A9423FDA3F80}.Debug|x86.Build.0 = Debug|Any CPU
		{D31E7A93-8CD1-49C1-81FE-A9423FDA3F80}.Release|Any CPU.ActiveCfg = Release|Any CPU
		{D31E7A93-8CD1-49C1-81FE-A9423FDA3F80}.Release|Any CPU.Build.0 = Release|Any CPU
		{D31E7A93-8CD1-49C1-81FE-A9423FDA3F80}.Release|x64.ActiveCfg = Release|Any CPU
		{D31E7A93-8CD1-49C1-81FE-A9423FDA3F80}.Release|x64.Build.0 = Release|Any CPU
		{D31E7A93-8CD1-49C1-81FE-A9423FDA3F80}.Release|x86.ActiveCfg = Release|Any CPU
		{D31E7A93-8CD1-49C1-81FE-A9423FDA3F80}.Release|x86.Build.0 = Release|Any CPU
		{8B7FA219-C85B-4DBB-A1C5-32C1B907B2D7}.Debug|Any CPU.ActiveCfg = Debug|Any CPU
		{8B7FA219-C85B-4DBB-A1C5-32C1B907B2D7}.Debug|Any CPU.Build.0 = Debug|Any CPU
		{8B7FA219-C85B-4DBB-A1C5-32C1B907B2D7}.Debug|x64.ActiveCfg = Debug|Any CPU
		{8B7FA219-C85B-4DBB-A1C5-32C1B907B2D7}.Debug|x64.Build.0 = Debug|Any CPU
		{8B7FA219-C85B-4DBB-A1C5-32C1B907B2D7}.Debug|x86.ActiveCfg = Debug|Any CPU
		{8B7FA219-C85B-4DBB-A1C5-32C1B907B2D7}.Debug|x86.Build.0 = Debug|Any CPU
		{8B7FA219-C85B-4DBB-A1C5-32C1B907B2D7}.Release|Any CPU.ActiveCfg = Release|Any CPU
		{8B7FA219-C85B-4DBB-A1C5-32C1B907B2D7}.Release|Any CPU.Build.0 = Release|Any CPU
		{8B7FA219-C85B-4DBB-A1C5-32C1B907B2D7}.Release|x64.ActiveCfg = Release|Any CPU
		{8B7FA219-C85B-4DBB-A1C5-32C1B907B2D7}.Release|x64.Build.0 = Release|Any CPU
		{8B7FA219-C85B-4DBB-A1C5-32C1B907B2D7}.Release|x86.ActiveCfg = Release|Any CPU
		{8B7FA219-C85B-4DBB-A1C5-32C1B907B2D7}.Release|x86.Build.0 = Release|Any CPU
		{E8DBE1F4-3C6D-4FFE-9398-3DCB46B621DC}.Debug|Any CPU.ActiveCfg = Debug|Any CPU
		{E8DBE1F4-3C6D-4FFE-9398-3DCB46B621DC}.Debug|Any CPU.Build.0 = Debug|Any CPU
		{E8DBE1F4-3C6D-4FFE-9398-3DCB46B621DC}.Debug|x64.ActiveCfg = Debug|Any CPU
		{E8DBE1F4-3C6D-4FFE-9398-3DCB46B621DC}.Debug|x64.Build.0 = Debug|Any CPU
		{E8DBE1F4-3C6D-4FFE-9398-3DCB46B621DC}.Debug|x86.ActiveCfg = Debug|Any CPU
		{E8DBE1F4-3C6D-4FFE-9398-3DCB46B621DC}.Debug|x86.Build.0 = Debug|Any CPU
		{E8DBE1F4-3C6D-4FFE-9398-3DCB46B621DC}.Release|Any CPU.ActiveCfg = Release|Any CPU
		{E8DBE1F4-3C6D-4FFE-9398-3DCB46B621DC}.Release|Any CPU.Build.0 = Release|Any CPU
		{E8DBE1F4-3C6D-4FFE-9398-3DCB46B621DC}.Release|x64.ActiveCfg = Release|Any CPU
		{E8DBE1F4-3C6D-4FFE-9398-3DCB46B621DC}.Release|x64.Build.0 = Release|Any CPU
		{E8DBE1F4-3C6D-4FFE-9398-3DCB46B621DC}.Release|x86.ActiveCfg = Release|Any CPU
		{E8DBE1F4-3C6D-4FFE-9398-3DCB46B621DC}.Release|x86.Build.0 = Release|Any CPU
		{5AA087E9-2FA0-4765-A6FE-D8789630BFCE}.Debug|Any CPU.ActiveCfg = Debug|Any CPU
		{5AA087E9-2FA0-4765-A6FE-D8789630BFCE}.Debug|Any CPU.Build.0 = Debug|Any CPU
		{5AA087E9-2FA0-4765-A6FE-D8789630BFCE}.Debug|x64.ActiveCfg = Debug|Any CPU
		{5AA087E9-2FA0-4765-A6FE-D8789630BFCE}.Debug|x64.Build.0 = Debug|Any CPU
		{5AA087E9-2FA0-4765-A6FE-D8789630BFCE}.Debug|x86.ActiveCfg = Debug|Any CPU
		{5AA087E9-2FA0-4765-A6FE-D8789630BFCE}.Debug|x86.Build.0 = Debug|Any CPU
		{5AA087E9-2FA0-4765-A6FE-D8789630BFCE}.Release|Any CPU.ActiveCfg = Release|Any CPU
		{5AA087E9-2FA0-4765-A6FE-D8789630BFCE}.Release|Any CPU.Build.0 = Release|Any CPU
		{5AA087E9-2FA0-4765-A6FE-D8789630BFCE}.Release|x64.ActiveCfg = Release|Any CPU
		{5AA087E9-2FA0-4765-A6FE-D8789630BFCE}.Release|x64.Build.0 = Release|Any CPU
		{5AA087E9-2FA0-4765-A6FE-D8789630BFCE}.Release|x86.ActiveCfg = Release|Any CPU
		{5AA087E9-2FA0-4765-A6FE-D8789630BFCE}.Release|x86.Build.0 = Release|Any CPU
		{EE8485A0-49A5-4118-AFFE-5D91824ED4C4}.Debug|Any CPU.ActiveCfg = Debug|Any CPU
		{EE8485A0-49A5-4118-AFFE-5D91824ED4C4}.Debug|Any CPU.Build.0 = Debug|Any CPU
		{EE8485A0-49A5-4118-AFFE-5D91824ED4C4}.Debug|x64.ActiveCfg = Debug|Any CPU
		{EE8485A0-49A5-4118-AFFE-5D91824ED4C4}.Debug|x64.Build.0 = Debug|Any CPU
		{EE8485A0-49A5-4118-AFFE-5D91824ED4C4}.Debug|x86.ActiveCfg = Debug|Any CPU
		{EE8485A0-49A5-4118-AFFE-5D91824ED4C4}.Debug|x86.Build.0 = Debug|Any CPU
		{EE8485A0-49A5-4118-AFFE-5D91824ED4C4}.Release|Any CPU.ActiveCfg = Release|Any CPU
		{EE8485A0-49A5-4118-AFFE-5D91824ED4C4}.Release|Any CPU.Build.0 = Release|Any CPU
		{EE8485A0-49A5-4118-AFFE-5D91824ED4C4}.Release|x64.ActiveCfg = Release|Any CPU
		{EE8485A0-49A5-4118-AFFE-5D91824ED4C4}.Release|x64.Build.0 = Release|Any CPU
		{EE8485A0-49A5-4118-AFFE-5D91824ED4C4}.Release|x86.ActiveCfg = Release|Any CPU
		{EE8485A0-49A5-4118-AFFE-5D91824ED4C4}.Release|x86.Build.0 = Release|Any CPU
	EndGlobalSection
	GlobalSection(SolutionProperties) = preSolution
		HideSolutionNode = FALSE
	EndGlobalSection
	GlobalSection(NestedProjects) = preSolution
		{697C2832-E3A8-4F4D-9BAC-12EC091FA5F9} = {278B7492-EF7C-4FA2-9C28-180FAD8F8F66}
		{0A88FFC9-2915-4381-A979-4D52A83BE6FD} = {278B7492-EF7C-4FA2-9C28-180FAD8F8F66}
		{E0F415E1-430B-41E2-88A8-5E338146C022} = {278B7492-EF7C-4FA2-9C28-180FAD8F8F66}
		{F5150D35-148B-4707-9995-6A6D4449F256} = {278B7492-EF7C-4FA2-9C28-180FAD8F8F66}
		{61DB72C7-EB36-4EEA-895D-F4476BD94AF7} = {278B7492-EF7C-4FA2-9C28-180FAD8F8F66}
		{31D26825-2FFA-4E4D-BA46-82D38FE54251} = {278B7492-EF7C-4FA2-9C28-180FAD8F8F66}
		{2ED2A1CC-C0A8-466E-966C-74008FF142BC} = {278B7492-EF7C-4FA2-9C28-180FAD8F8F66}
		{9A8F6D80-FA25-4D0E-9B48-1785CFBEB641} = {278B7492-EF7C-4FA2-9C28-180FAD8F8F66}
		{5153B40A-2A6B-400D-9C20-6D9D26181434} = {278B7492-EF7C-4FA2-9C28-180FAD8F8F66}
		{DECD774D-B0B6-4DB9-957E-96973B348479} = {278B7492-EF7C-4FA2-9C28-180FAD8F8F66}
		{0DF56220-0503-495F-A207-34FBEDBC8D90} = {278B7492-EF7C-4FA2-9C28-180FAD8F8F66}
		{36F2F394-96C1-4439-BFF1-35D4CB8645FB} = {278B7492-EF7C-4FA2-9C28-180FAD8F8F66}
		{66C426C2-5F1F-4972-B439-844405EA8F3F} = {278B7492-EF7C-4FA2-9C28-180FAD8F8F66}
		{3A80A8C6-E7D2-4E0F-888B-1CD3BBCB9A77} = {278B7492-EF7C-4FA2-9C28-180FAD8F8F66}
		{8E3FD8D5-A93F-4AC2-B724-FB5E30428188} = {278B7492-EF7C-4FA2-9C28-180FAD8F8F66}
		{84127E4D-CD4E-4E60-AF68-5F8A53B075BD} = {278B7492-EF7C-4FA2-9C28-180FAD8F8F66}
		{74971E43-C7CE-47DC-9CF7-04CE3E1AE656} = {278B7492-EF7C-4FA2-9C28-180FAD8F8F66}
		{5CECA99C-BA9F-4008-9E53-12673961A566} = {278B7492-EF7C-4FA2-9C28-180FAD8F8F66}
		{8DE6833B-378B-4443-A6C1-0CE0E24BD46D} = {278B7492-EF7C-4FA2-9C28-180FAD8F8F66}
		{EBC5F71A-2427-4699-80FB-1B383810BF57} = {278B7492-EF7C-4FA2-9C28-180FAD8F8F66}
		{D31E7A93-8CD1-49C1-81FE-A9423FDA3F80} = {278B7492-EF7C-4FA2-9C28-180FAD8F8F66}
		{8B7FA219-C85B-4DBB-A1C5-32C1B907B2D7} = {278B7492-EF7C-4FA2-9C28-180FAD8F8F66}
		{E8DBE1F4-3C6D-4FFE-9398-3DCB46B621DC} = {278B7492-EF7C-4FA2-9C28-180FAD8F8F66}
		{5AA087E9-2FA0-4765-A6FE-D8789630BFCE} = {278B7492-EF7C-4FA2-9C28-180FAD8F8F66}
		{EE8485A0-49A5-4118-AFFE-5D91824ED4C4} = {278B7492-EF7C-4FA2-9C28-180FAD8F8F66}
	EndGlobalSection
	GlobalSection(ExtensibilityGlobals) = postSolution
		SolutionGuid = {C405A343-6FA2-452D-B3A4-329A8E116DAD}
	EndGlobalSection
EndGlobal
